// !$*UTF8*$!
{
	archiveVersion = 1;
	classes = {
	};
	objectVersion = 55;
	objects = {

/* Begin PBXBuildFile section */
		A91EA6BB29A64B340090B0BB /* CountriesUITests.swift in Sources */ = {isa = PBXBuildFile; fileRef = A91EA6BA29A64B340090B0BB /* CountriesUITests.swift */; };
		A91EA6BD29A64B340090B0BB /* CountriesUITestsLaunchTests.swift in Sources */ = {isa = PBXBuildFile; fileRef = A91EA6BC29A64B340090B0BB /* CountriesUITestsLaunchTests.swift */; };
		A91EA6C529A657760090B0BB /* SDWebImageSVGCoder in Frameworks */ = {isa = PBXBuildFile; productRef = A91EA6C429A657760090B0BB /* SDWebImageSVGCoder */; };
		A94FB3BF28EC406B00FB436C /* AppDelegate.swift in Sources */ = {isa = PBXBuildFile; fileRef = A94FB3BE28EC406B00FB436C /* AppDelegate.swift */; };
		A94FB3C128EC406B00FB436C /* SceneDelegate.swift in Sources */ = {isa = PBXBuildFile; fileRef = A94FB3C028EC406B00FB436C /* SceneDelegate.swift */; };
		A94FB3C628EC406B00FB436C /* Main.storyboard in Resources */ = {isa = PBXBuildFile; fileRef = A94FB3C428EC406B00FB436C /* Main.storyboard */; };
		A94FB3C828EC406C00FB436C /* Assets.xcassets in Resources */ = {isa = PBXBuildFile; fileRef = A94FB3C728EC406C00FB436C /* Assets.xcassets */; };
		A94FB3CB28EC406C00FB436C /* LaunchScreen.storyboard in Resources */ = {isa = PBXBuildFile; fileRef = A94FB3C928EC406C00FB436C /* LaunchScreen.storyboard */; };
		A976850B28EF6BE200C5F0CA /* DetailVC.swift in Sources */ = {isa = PBXBuildFile; fileRef = A976850A28EF6BE200C5F0CA /* DetailVC.swift */; };
		A994F78229A3B159000A2629 /* CountriesTests.swift in Sources */ = {isa = PBXBuildFile; fileRef = A994F78129A3B159000A2629 /* CountriesTests.swift */; };
		A99BFCBD292E510B0010E6D1 /* CountrySavedManager.swift in Sources */ = {isa = PBXBuildFile; fileRef = A99BFCBC292E510B0010E6D1 /* CountrySavedManager.swift */; };
		A9B8AD5528ECAFE0006C9B25 /* CountriesData.swift in Sources */ = {isa = PBXBuildFile; fileRef = A9B8AD5428ECAFE0006C9B25 /* CountriesData.swift */; };
		A9BBA8BD28ED58E800F56A2D /* SavedVC.swift in Sources */ = {isa = PBXBuildFile; fileRef = A9BBA8BC28ED58E800F56A2D /* SavedVC.swift */; };
		A9C680AF28EDF7E6000D9E6F /* CountriesAPI.swift in Sources */ = {isa = PBXBuildFile; fileRef = A9C680AE28EDF7E6000D9E6F /* CountriesAPI.swift */; };
		A9C680BD28EE1ED3000D9E6F /* HomeCell.swift in Sources */ = {isa = PBXBuildFile; fileRef = A9C680BC28EE1ED3000D9E6F /* HomeCell.swift */; };
		A9DC6B3028FC66AA003B28A0 /* CountriesDetails.swift in Sources */ = {isa = PBXBuildFile; fileRef = A9DC6B2F28FC66AA003B28A0 /* CountriesDetails.swift */; };
		A9DEBC1728F2F43B00508319 /* HomeVC.swift in Sources */ = {isa = PBXBuildFile; fileRef = A9DEBC1628F2F43B00508319 /* HomeVC.swift */; };
		A9E2783D28EF0B0B008C3AC0 /* SavedCell.swift in Sources */ = {isa = PBXBuildFile; fileRef = A9E2783C28EF0B0B008C3AC0 /* SavedCell.swift */; };
		A9E5134729128E7C00C167F5 /* DataModel.xcdatamodeld in Sources */ = {isa = PBXBuildFile; fileRef = A9E5134529128E7C00C167F5 /* DataModel.xcdatamodeld */; };
/* End PBXBuildFile section */

/* Begin PBXContainerItemProxy section */
		A91EA6BE29A64B340090B0BB /* PBXContainerItemProxy */ = {
			isa = PBXContainerItemProxy;
			containerPortal = A94FB3B328EC406B00FB436C /* Project object */;
			proxyType = 1;
			remoteGlobalIDString = A94FB3BA28EC406B00FB436C;
			remoteInfo = Countries;
		};
		A994F78329A3B159000A2629 /* PBXContainerItemProxy */ = {
			isa = PBXContainerItemProxy;
			containerPortal = A94FB3B328EC406B00FB436C /* Project object */;
			proxyType = 1;
			remoteGlobalIDString = A94FB3BA28EC406B00FB436C;
			remoteInfo = Countries;
		};
/* End PBXContainerItemProxy section */

/* Begin PBXFileReference section */
		A91EA6B829A64B340090B0BB /* CountriesUITests.xctest */ = {isa = PBXFileReference; explicitFileType = wrapper.cfbundle; includeInIndex = 0; path = CountriesUITests.xctest; sourceTree = BUILT_PRODUCTS_DIR; };
		A91EA6BA29A64B340090B0BB /* CountriesUITests.swift */ = {isa = PBXFileReference; lastKnownFileType = sourcecode.swift; path = CountriesUITests.swift; sourceTree = "<group>"; };
		A91EA6BC29A64B340090B0BB /* CountriesUITestsLaunchTests.swift */ = {isa = PBXFileReference; lastKnownFileType = sourcecode.swift; path = CountriesUITestsLaunchTests.swift; sourceTree = "<group>"; };
		A94FB3BB28EC406B00FB436C /* Countries.app */ = {isa = PBXFileReference; explicitFileType = wrapper.application; includeInIndex = 0; path = Countries.app; sourceTree = BUILT_PRODUCTS_DIR; };
		A94FB3BE28EC406B00FB436C /* AppDelegate.swift */ = {isa = PBXFileReference; lastKnownFileType = sourcecode.swift; path = AppDelegate.swift; sourceTree = "<group>"; };
		A94FB3C028EC406B00FB436C /* SceneDelegate.swift */ = {isa = PBXFileReference; lastKnownFileType = sourcecode.swift; path = SceneDelegate.swift; sourceTree = "<group>"; };
		A94FB3C528EC406B00FB436C /* Base */ = {isa = PBXFileReference; lastKnownFileType = file.storyboard; name = Base; path = Base.lproj/Main.storyboard; sourceTree = "<group>"; };
		A94FB3C728EC406C00FB436C /* Assets.xcassets */ = {isa = PBXFileReference; lastKnownFileType = folder.assetcatalog; path = Assets.xcassets; sourceTree = "<group>"; };
		A94FB3CA28EC406C00FB436C /* Base */ = {isa = PBXFileReference; lastKnownFileType = file.storyboard; name = Base; path = Base.lproj/LaunchScreen.storyboard; sourceTree = "<group>"; };
		A94FB3CC28EC406C00FB436C /* Info.plist */ = {isa = PBXFileReference; lastKnownFileType = text.plist.xml; path = Info.plist; sourceTree = "<group>"; };
		A976850A28EF6BE200C5F0CA /* DetailVC.swift */ = {isa = PBXFileReference; lastKnownFileType = sourcecode.swift; path = DetailVC.swift; sourceTree = "<group>"; };
		A994F77F29A3B159000A2629 /* CountriesTests.xctest */ = {isa = PBXFileReference; explicitFileType = wrapper.cfbundle; includeInIndex = 0; path = CountriesTests.xctest; sourceTree = BUILT_PRODUCTS_DIR; };
		A994F78129A3B159000A2629 /* CountriesTests.swift */ = {isa = PBXFileReference; lastKnownFileType = sourcecode.swift; path = CountriesTests.swift; sourceTree = "<group>"; };
		A99BFCBC292E510B0010E6D1 /* CountrySavedManager.swift */ = {isa = PBXFileReference; lastKnownFileType = sourcecode.swift; path = CountrySavedManager.swift; sourceTree = "<group>"; };
		A9B8AD5428ECAFE0006C9B25 /* CountriesData.swift */ = {isa = PBXFileReference; lastKnownFileType = sourcecode.swift; path = CountriesData.swift; sourceTree = "<group>"; };
		A9BBA8BC28ED58E800F56A2D /* SavedVC.swift */ = {isa = PBXFileReference; lastKnownFileType = sourcecode.swift; path = SavedVC.swift; sourceTree = "<group>"; };
		A9C680AE28EDF7E6000D9E6F /* CountriesAPI.swift */ = {isa = PBXFileReference; lastKnownFileType = sourcecode.swift; path = CountriesAPI.swift; sourceTree = "<group>"; };
		A9C680BC28EE1ED3000D9E6F /* HomeCell.swift */ = {isa = PBXFileReference; lastKnownFileType = sourcecode.swift; path = HomeCell.swift; sourceTree = "<group>"; };
		A9DC6B2F28FC66AA003B28A0 /* CountriesDetails.swift */ = {isa = PBXFileReference; lastKnownFileType = sourcecode.swift; path = CountriesDetails.swift; sourceTree = "<group>"; };
		A9DEBC1628F2F43B00508319 /* HomeVC.swift */ = {isa = PBXFileReference; lastKnownFileType = sourcecode.swift; path = HomeVC.swift; sourceTree = "<group>"; };
		A9E2783C28EF0B0B008C3AC0 /* SavedCell.swift */ = {isa = PBXFileReference; lastKnownFileType = sourcecode.swift; path = SavedCell.swift; sourceTree = "<group>"; };
		A9E5134629128E7C00C167F5 /* DataModel.xcdatamodel */ = {isa = PBXFileReference; lastKnownFileType = wrapper.xcdatamodel; path = DataModel.xcdatamodel; sourceTree = "<group>"; };
/* End PBXFileReference section */

/* Begin PBXFrameworksBuildPhase section */
		A91EA6B529A64B340090B0BB /* Frameworks */ = {
			isa = PBXFrameworksBuildPhase;
			buildActionMask = 2147483647;
			files = (
			);
			runOnlyForDeploymentPostprocessing = 0;
		};
		A94FB3B828EC406B00FB436C /* Frameworks */ = {
			isa = PBXFrameworksBuildPhase;
			buildActionMask = 2147483647;
			files = (
				A91EA6C529A657760090B0BB /* SDWebImageSVGCoder in Frameworks */,
			);
			runOnlyForDeploymentPostprocessing = 0;
		};
		A994F77C29A3B159000A2629 /* Frameworks */ = {
			isa = PBXFrameworksBuildPhase;
			buildActionMask = 2147483647;
			files = (
			);
			runOnlyForDeploymentPostprocessing = 0;
		};
/* End PBXFrameworksBuildPhase section */

/* Begin PBXGroup section */
		1042E109333CD431DF7E3D17 /* Pods */ = {
			isa = PBXGroup;
			children = (
			);
			path = Pods;
			sourceTree = "<group>";
		};
		A91EA6B929A64B340090B0BB /* CountriesUITests */ = {
			isa = PBXGroup;
			children = (
				A91EA6BA29A64B340090B0BB /* CountriesUITests.swift */,
				A91EA6BC29A64B340090B0BB /* CountriesUITestsLaunchTests.swift */,
			);
			path = CountriesUITests;
			sourceTree = "<group>";
		};
		A943DA0228F19D11001A6472 /* Cells */ = {
			isa = PBXGroup;
			children = (
				A9C680BC28EE1ED3000D9E6F /* HomeCell.swift */,
				A9E2783C28EF0B0B008C3AC0 /* SavedCell.swift */,
			);
			path = Cells;
			sourceTree = "<group>";
		};
		A94FB3B228EC406B00FB436C = {
			isa = PBXGroup;
			children = (
				A94FB3BD28EC406B00FB436C /* Countries */,
				A994F78029A3B159000A2629 /* CountriesTests */,
				A91EA6B929A64B340090B0BB /* CountriesUITests */,
				A94FB3BC28EC406B00FB436C /* Products */,
				1042E109333CD431DF7E3D17 /* Pods */,
			);
			sourceTree = "<group>";
		};
		A94FB3BC28EC406B00FB436C /* Products */ = {
			isa = PBXGroup;
			children = (
				A94FB3BB28EC406B00FB436C /* Countries.app */,
				A994F77F29A3B159000A2629 /* CountriesTests.xctest */,
				A91EA6B829A64B340090B0BB /* CountriesUITests.xctest */,
			);
			name = Products;
			sourceTree = "<group>";
		};
		A94FB3BD28EC406B00FB436C /* Countries */ = {
			isa = PBXGroup;
			children = (
				A94FB3BE28EC406B00FB436C /* AppDelegate.swift */,
				A94FB3C028EC406B00FB436C /* SceneDelegate.swift */,
				A9B8AD5028ECA615006C9B25 /* Model */,
				A9B8AD5328ECA63F006C9B25 /* View */,
				A9B8AD4F28ECA5FC006C9B25 /* Controller */,
				A94FB3C728EC406C00FB436C /* Assets.xcassets */,
				A94FB3CC28EC406C00FB436C /* Info.plist */,
			);
			path = Countries;
			sourceTree = "<group>";
		};
		A994F78029A3B159000A2629 /* CountriesTests */ = {
			isa = PBXGroup;
			children = (
				A994F78129A3B159000A2629 /* CountriesTests.swift */,
			);
			path = CountriesTests;
			sourceTree = "<group>";
		};
		A9B8AD4F28ECA5FC006C9B25 /* Controller */ = {
			isa = PBXGroup;
			children = (
				A943DA0228F19D11001A6472 /* Cells */,
				A9DEBC1628F2F43B00508319 /* HomeVC.swift */,
				A9BBA8BC28ED58E800F56A2D /* SavedVC.swift */,
				A976850A28EF6BE200C5F0CA /* DetailVC.swift */,
			);
			path = Controller;
			sourceTree = "<group>";
		};
		A9B8AD5028ECA615006C9B25 /* Model */ = {
			isa = PBXGroup;
			children = (
				A9E5134529128E7C00C167F5 /* DataModel.xcdatamodeld */,
				A9B8AD5428ECAFE0006C9B25 /* CountriesData.swift */,
				A9C680AE28EDF7E6000D9E6F /* CountriesAPI.swift */,
				A99BFCBC292E510B0010E6D1 /* CountrySavedManager.swift */,
				A9DC6B2F28FC66AA003B28A0 /* CountriesDetails.swift */,
			);
			path = Model;
			sourceTree = "<group>";
		};
		A9B8AD5328ECA63F006C9B25 /* View */ = {
			isa = PBXGroup;
			children = (
				A94FB3C928EC406C00FB436C /* LaunchScreen.storyboard */,
				A94FB3C428EC406B00FB436C /* Main.storyboard */,
			);
			path = View;
			sourceTree = "<group>";
		};
/* End PBXGroup section */

/* Begin PBXNativeTarget section */
		A91EA6B729A64B340090B0BB /* CountriesUITests */ = {
			isa = PBXNativeTarget;
			buildConfigurationList = A91EA6C229A64B340090B0BB /* Build configuration list for PBXNativeTarget "CountriesUITests" */;
			buildPhases = (
				A91EA6B429A64B340090B0BB /* Sources */,
				A91EA6B529A64B340090B0BB /* Frameworks */,
				A91EA6B629A64B340090B0BB /* Resources */,
			);
			buildRules = (
			);
			dependencies = (
				A91EA6BF29A64B340090B0BB /* PBXTargetDependency */,
			);
			name = CountriesUITests;
			productName = CountriesUITests;
			productReference = A91EA6B829A64B340090B0BB /* CountriesUITests.xctest */;
			productType = "com.apple.product-type.bundle.ui-testing";
		};
		A94FB3BA28EC406B00FB436C /* Countries */ = {
			isa = PBXNativeTarget;
			buildConfigurationList = A94FB3CF28EC406C00FB436C /* Build configuration list for PBXNativeTarget "Countries" */;
			buildPhases = (
				A94FB3B728EC406B00FB436C /* Sources */,
				A94FB3B828EC406B00FB436C /* Frameworks */,
				A94FB3B928EC406B00FB436C /* Resources */,
			);
			buildRules = (
			);
			dependencies = (
			);
			name = Countries;
			packageProductDependencies = (
				A91EA6C429A657760090B0BB /* SDWebImageSVGCoder */,
			);
			productName = Countries;
			productReference = A94FB3BB28EC406B00FB436C /* Countries.app */;
			productType = "com.apple.product-type.application";
		};
		A994F77E29A3B159000A2629 /* CountriesTests */ = {
			isa = PBXNativeTarget;
			buildConfigurationList = A994F78729A3B159000A2629 /* Build configuration list for PBXNativeTarget "CountriesTests" */;
			buildPhases = (
				A994F77B29A3B159000A2629 /* Sources */,
				A994F77C29A3B159000A2629 /* Frameworks */,
				A994F77D29A3B159000A2629 /* Resources */,
			);
			buildRules = (
			);
			dependencies = (
				A994F78429A3B159000A2629 /* PBXTargetDependency */,
			);
			name = CountriesTests;
			productName = CountriesTests;
			productReference = A994F77F29A3B159000A2629 /* CountriesTests.xctest */;
			productType = "com.apple.product-type.bundle.unit-test";
		};
/* End PBXNativeTarget section */

/* Begin PBXProject section */
		A94FB3B328EC406B00FB436C /* Project object */ = {
			isa = PBXProject;
			attributes = {
				BuildIndependentTargetsInParallel = 1;
				LastSwiftUpdateCheck = 1420;
				LastUpgradeCheck = 1400;
				TargetAttributes = {
					A91EA6B729A64B340090B0BB = {
						CreatedOnToolsVersion = 14.2;
						TestTargetID = A94FB3BA28EC406B00FB436C;
					};
					A94FB3BA28EC406B00FB436C = {
						CreatedOnToolsVersion = 14.0.1;
					};
					A994F77E29A3B159000A2629 = {
						CreatedOnToolsVersion = 14.2;
						TestTargetID = A94FB3BA28EC406B00FB436C;
					};
				};
			};
			buildConfigurationList = A94FB3B628EC406B00FB436C /* Build configuration list for PBXProject "Countries" */;
			compatibilityVersion = "Xcode 13.0";
			developmentRegion = en;
			hasScannedForEncodings = 0;
			knownRegions = (
				en,
				Base,
			);
			mainGroup = A94FB3B228EC406B00FB436C;
			packageReferences = (
				A91EA6C329A657760090B0BB /* XCRemoteSwiftPackageReference "SDWebImageSVGCoder.git" */,
			);
			productRefGroup = A94FB3BC28EC406B00FB436C /* Products */;
			projectDirPath = "";
			projectRoot = "";
			targets = (
				A94FB3BA28EC406B00FB436C /* Countries */,
				A994F77E29A3B159000A2629 /* CountriesTests */,
				A91EA6B729A64B340090B0BB /* CountriesUITests */,
			);
		};
/* End PBXProject section */

/* Begin PBXResourcesBuildPhase section */
		A91EA6B629A64B340090B0BB /* Resources */ = {
			isa = PBXResourcesBuildPhase;
			buildActionMask = 2147483647;
			files = (
			);
			runOnlyForDeploymentPostprocessing = 0;
		};
		A94FB3B928EC406B00FB436C /* Resources */ = {
			isa = PBXResourcesBuildPhase;
			buildActionMask = 2147483647;
			files = (
				A94FB3CB28EC406C00FB436C /* LaunchScreen.storyboard in Resources */,
				A94FB3C828EC406C00FB436C /* Assets.xcassets in Resources */,
				A94FB3C628EC406B00FB436C /* Main.storyboard in Resources */,
			);
			runOnlyForDeploymentPostprocessing = 0;
		};
		A994F77D29A3B159000A2629 /* Resources */ = {
			isa = PBXResourcesBuildPhase;
			buildActionMask = 2147483647;
			files = (
			);
			runOnlyForDeploymentPostprocessing = 0;
		};
/* End PBXResourcesBuildPhase section */

/* Begin PBXSourcesBuildPhase section */
		A91EA6B429A64B340090B0BB /* Sources */ = {
			isa = PBXSourcesBuildPhase;
			buildActionMask = 2147483647;
			files = (
				A91EA6BB29A64B340090B0BB /* CountriesUITests.swift in Sources */,
				A91EA6BD29A64B340090B0BB /* CountriesUITestsLaunchTests.swift in Sources */,
			);
			runOnlyForDeploymentPostprocessing = 0;
		};
		A94FB3B728EC406B00FB436C /* Sources */ = {
			isa = PBXSourcesBuildPhase;
			buildActionMask = 2147483647;
			files = (
				A9E5134729128E7C00C167F5 /* DataModel.xcdatamodeld in Sources */,
				A94FB3BF28EC406B00FB436C /* AppDelegate.swift in Sources */,
				A9C680BD28EE1ED3000D9E6F /* HomeCell.swift in Sources */,
				A9BBA8BD28ED58E800F56A2D /* SavedVC.swift in Sources */,
				A976850B28EF6BE200C5F0CA /* DetailVC.swift in Sources */,
				A94FB3C128EC406B00FB436C /* SceneDelegate.swift in Sources */,
				A9DC6B3028FC66AA003B28A0 /* CountriesDetails.swift in Sources */,
				A9E2783D28EF0B0B008C3AC0 /* SavedCell.swift in Sources */,
				A9DEBC1728F2F43B00508319 /* HomeVC.swift in Sources */,
				A9C680AF28EDF7E6000D9E6F /* CountriesAPI.swift in Sources */,
				A99BFCBD292E510B0010E6D1 /* CountrySavedManager.swift in Sources */,
				A9B8AD5528ECAFE0006C9B25 /* CountriesData.swift in Sources */,
			);
			runOnlyForDeploymentPostprocessing = 0;
		};
		A994F77B29A3B159000A2629 /* Sources */ = {
			isa = PBXSourcesBuildPhase;
			buildActionMask = 2147483647;
			files = (
				A994F78229A3B159000A2629 /* CountriesTests.swift in Sources */,
			);
			runOnlyForDeploymentPostprocessing = 0;
		};
/* End PBXSourcesBuildPhase section */

/* Begin PBXTargetDependency section */
		A91EA6BF29A64B340090B0BB /* PBXTargetDependency */ = {
			isa = PBXTargetDependency;
			target = A94FB3BA28EC406B00FB436C /* Countries */;
			targetProxy = A91EA6BE29A64B340090B0BB /* PBXContainerItemProxy */;
		};
		A994F78429A3B159000A2629 /* PBXTargetDependency */ = {
			isa = PBXTargetDependency;
			target = A94FB3BA28EC406B00FB436C /* Countries */;
			targetProxy = A994F78329A3B159000A2629 /* PBXContainerItemProxy */;
		};
/* End PBXTargetDependency section */

/* Begin PBXVariantGroup section */
		A94FB3C428EC406B00FB436C /* Main.storyboard */ = {
			isa = PBXVariantGroup;
			children = (
				A94FB3C528EC406B00FB436C /* Base */,
			);
			name = Main.storyboard;
			sourceTree = "<group>";
		};
		A94FB3C928EC406C00FB436C /* LaunchScreen.storyboard */ = {
			isa = PBXVariantGroup;
			children = (
				A94FB3CA28EC406C00FB436C /* Base */,
			);
			name = LaunchScreen.storyboard;
			sourceTree = "<group>";
		};
/* End PBXVariantGroup section */

/* Begin XCBuildConfiguration section */
		A91EA6C029A64B340090B0BB /* Debug */ = {
			isa = XCBuildConfiguration;
			buildSettings = {
				CODE_SIGN_STYLE = Automatic;
				CURRENT_PROJECT_VERSION = 1;
				DEVELOPMENT_TEAM = 5D27LBTNA4;
				GENERATE_INFOPLIST_FILE = YES;
				IPHONEOS_DEPLOYMENT_TARGET = 16.2;
				MARKETING_VERSION = 1.0;
				PRODUCT_BUNDLE_IDENTIFIER = "Halil-Dikisli.CountriesUITests";
				PRODUCT_NAME = "$(TARGET_NAME)";
				SWIFT_EMIT_LOC_STRINGS = NO;
				SWIFT_VERSION = 5.0;
				TARGETED_DEVICE_FAMILY = "1,2";
				TEST_TARGET_NAME = Countries;
			};
			name = Debug;
		};
		A91EA6C129A64B340090B0BB /* Release */ = {
			isa = XCBuildConfiguration;
			buildSettings = {
				CODE_SIGN_STYLE = Automatic;
				CURRENT_PROJECT_VERSION = 1;
				DEVELOPMENT_TEAM = 5D27LBTNA4;
				GENERATE_INFOPLIST_FILE = YES;
				IPHONEOS_DEPLOYMENT_TARGET = 16.2;
				MARKETING_VERSION = 1.0;
				PRODUCT_BUNDLE_IDENTIFIER = "Halil-Dikisli.CountriesUITests";
				PRODUCT_NAME = "$(TARGET_NAME)";
				SWIFT_EMIT_LOC_STRINGS = NO;
				SWIFT_VERSION = 5.0;
				TARGETED_DEVICE_FAMILY = "1,2";
				TEST_TARGET_NAME = Countries;
			};
			name = Release;
		};
		A94FB3CD28EC406C00FB436C /* Debug */ = {
			isa = XCBuildConfiguration;
			buildSettings = {
				ALWAYS_SEARCH_USER_PATHS = NO;
				CLANG_ANALYZER_NONNULL = YES;
				CLANG_ANALYZER_NUMBER_OBJECT_CONVERSION = YES_AGGRESSIVE;
				CLANG_CXX_LANGUAGE_STANDARD = "gnu++20";
				CLANG_ENABLE_MODULES = YES;
				CLANG_ENABLE_OBJC_ARC = YES;
				CLANG_ENABLE_OBJC_WEAK = YES;
				CLANG_WARN_BLOCK_CAPTURE_AUTORELEASING = YES;
				CLANG_WARN_BOOL_CONVERSION = YES;
				CLANG_WARN_COMMA = YES;
				CLANG_WARN_CONSTANT_CONVERSION = YES;
				CLANG_WARN_DEPRECATED_OBJC_IMPLEMENTATIONS = YES;
				CLANG_WARN_DIRECT_OBJC_ISA_USAGE = YES_ERROR;
				CLANG_WARN_DOCUMENTATION_COMMENTS = YES;
				CLANG_WARN_EMPTY_BODY = YES;
				CLANG_WARN_ENUM_CONVERSION = YES;
				CLANG_WARN_INFINITE_RECURSION = YES;
				CLANG_WARN_INT_CONVERSION = YES;
				CLANG_WARN_NON_LITERAL_NULL_CONVERSION = YES;
				CLANG_WARN_OBJC_IMPLICIT_RETAIN_SELF = YES;
				CLANG_WARN_OBJC_LITERAL_CONVERSION = YES;
				CLANG_WARN_OBJC_ROOT_CLASS = YES_ERROR;
				CLANG_WARN_QUOTED_INCLUDE_IN_FRAMEWORK_HEADER = YES;
				CLANG_WARN_RANGE_LOOP_ANALYSIS = YES;
				CLANG_WARN_STRICT_PROTOTYPES = YES;
				CLANG_WARN_SUSPICIOUS_MOVE = YES;
				CLANG_WARN_UNGUARDED_AVAILABILITY = YES_AGGRESSIVE;
				CLANG_WARN_UNREACHABLE_CODE = YES;
				CLANG_WARN__DUPLICATE_METHOD_MATCH = YES;
				COPY_PHASE_STRIP = NO;
				DEBUG_INFORMATION_FORMAT = dwarf;
				ENABLE_STRICT_OBJC_MSGSEND = YES;
				ENABLE_TESTABILITY = YES;
				GCC_C_LANGUAGE_STANDARD = gnu11;
				GCC_DYNAMIC_NO_PIC = NO;
				GCC_NO_COMMON_BLOCKS = YES;
				GCC_OPTIMIZATION_LEVEL = 0;
				GCC_PREPROCESSOR_DEFINITIONS = (
					"DEBUG=1",
					"$(inherited)",
				);
				GCC_WARN_64_TO_32_BIT_CONVERSION = YES;
				GCC_WARN_ABOUT_RETURN_TYPE = YES_ERROR;
				GCC_WARN_UNDECLARED_SELECTOR = YES;
				GCC_WARN_UNINITIALIZED_AUTOS = YES_AGGRESSIVE;
				GCC_WARN_UNUSED_FUNCTION = YES;
				GCC_WARN_UNUSED_VARIABLE = YES;
				IPHONEOS_DEPLOYMENT_TARGET = 16.0;
				MTL_ENABLE_DEBUG_INFO = INCLUDE_SOURCE;
				MTL_FAST_MATH = YES;
				ONLY_ACTIVE_ARCH = YES;
				SDKROOT = iphoneos;
				SWIFT_ACTIVE_COMPILATION_CONDITIONS = DEBUG;
				SWIFT_OPTIMIZATION_LEVEL = "-Onone";
			};
			name = Debug;
		};
		A94FB3CE28EC406C00FB436C /* Release */ = {
			isa = XCBuildConfiguration;
			buildSettings = {
				ALWAYS_SEARCH_USER_PATHS = NO;
				CLANG_ANALYZER_NONNULL = YES;
				CLANG_ANALYZER_NUMBER_OBJECT_CONVERSION = YES_AGGRESSIVE;
				CLANG_CXX_LANGUAGE_STANDARD = "gnu++20";
				CLANG_ENABLE_MODULES = YES;
				CLANG_ENABLE_OBJC_ARC = YES;
				CLANG_ENABLE_OBJC_WEAK = YES;
				CLANG_WARN_BLOCK_CAPTURE_AUTORELEASING = YES;
				CLANG_WARN_BOOL_CONVERSION = YES;
				CLANG_WARN_COMMA = YES;
				CLANG_WARN_CONSTANT_CONVERSION = YES;
				CLANG_WARN_DEPRECATED_OBJC_IMPLEMENTATIONS = YES;
				CLANG_WARN_DIRECT_OBJC_ISA_USAGE = YES_ERROR;
				CLANG_WARN_DOCUMENTATION_COMMENTS = YES;
				CLANG_WARN_EMPTY_BODY = YES;
				CLANG_WARN_ENUM_CONVERSION = YES;
				CLANG_WARN_INFINITE_RECURSION = YES;
				CLANG_WARN_INT_CONVERSION = YES;
				CLANG_WARN_NON_LITERAL_NULL_CONVERSION = YES;
				CLANG_WARN_OBJC_IMPLICIT_RETAIN_SELF = YES;
				CLANG_WARN_OBJC_LITERAL_CONVERSION = YES;
				CLANG_WARN_OBJC_ROOT_CLASS = YES_ERROR;
				CLANG_WARN_QUOTED_INCLUDE_IN_FRAMEWORK_HEADER = YES;
				CLANG_WARN_RANGE_LOOP_ANALYSIS = YES;
				CLANG_WARN_STRICT_PROTOTYPES = YES;
				CLANG_WARN_SUSPICIOUS_MOVE = YES;
				CLANG_WARN_UNGUARDED_AVAILABILITY = YES_AGGRESSIVE;
				CLANG_WARN_UNREACHABLE_CODE = YES;
				CLANG_WARN__DUPLICATE_METHOD_MATCH = YES;
				COPY_PHASE_STRIP = NO;
				DEBUG_INFORMATION_FORMAT = "dwarf-with-dsym";
				ENABLE_NS_ASSERTIONS = NO;
				ENABLE_STRICT_OBJC_MSGSEND = YES;
				GCC_C_LANGUAGE_STANDARD = gnu11;
				GCC_NO_COMMON_BLOCKS = YES;
				GCC_WARN_64_TO_32_BIT_CONVERSION = YES;
				GCC_WARN_ABOUT_RETURN_TYPE = YES_ERROR;
				GCC_WARN_UNDECLARED_SELECTOR = YES;
				GCC_WARN_UNINITIALIZED_AUTOS = YES_AGGRESSIVE;
				GCC_WARN_UNUSED_FUNCTION = YES;
				GCC_WARN_UNUSED_VARIABLE = YES;
				IPHONEOS_DEPLOYMENT_TARGET = 16.0;
				MTL_ENABLE_DEBUG_INFO = NO;
				MTL_FAST_MATH = YES;
				SDKROOT = iphoneos;
				SWIFT_COMPILATION_MODE = wholemodule;
				SWIFT_OPTIMIZATION_LEVEL = "-O";
				VALIDATE_PRODUCT = YES;
			};
			name = Release;
		};
		A94FB3D028EC406C00FB436C /* Debug */ = {
			isa = XCBuildConfiguration;
			buildSettings = {
				ASSETCATALOG_COMPILER_APPICON_NAME = AppIcon;
				ASSETCATALOG_COMPILER_GLOBAL_ACCENT_COLOR_NAME = AccentColor;
				CODE_SIGN_STYLE = Automatic;
				CURRENT_PROJECT_VERSION = 1;
				DEVELOPMENT_TEAM = 5D27LBTNA4;
				GENERATE_INFOPLIST_FILE = YES;
				INFOPLIST_FILE = Countries/Info.plist;
				INFOPLIST_KEY_UIApplicationSupportsIndirectInputEvents = YES;
				INFOPLIST_KEY_UILaunchStoryboardName = LaunchScreen;
				INFOPLIST_KEY_UIMainStoryboardFile = Main;
				INFOPLIST_KEY_UISupportedInterfaceOrientations = UIInterfaceOrientationPortrait;
				INFOPLIST_KEY_UISupportedInterfaceOrientations_iPad = "UIInterfaceOrientationLandscapeLeft UIInterfaceOrientationLandscapeRight UIInterfaceOrientationPortrait UIInterfaceOrientationPortraitUpsideDown";
				IPHONEOS_DEPLOYMENT_TARGET = 13.0;
				LD_RUNPATH_SEARCH_PATHS = (
					"$(inherited)",
					"@executable_path/Frameworks",
				);
				MARKETING_VERSION = 1.0;
				PRODUCT_BUNDLE_IDENTIFIER = com.Halil.Countries;
				PRODUCT_NAME = "$(TARGET_NAME)";
				SWIFT_EMIT_LOC_STRINGS = YES;
				SWIFT_VERSION = 5.0;
				TARGETED_DEVICE_FAMILY = "1,2";
			};
			name = Debug;
		};
		A94FB3D128EC406C00FB436C /* Release */ = {
			isa = XCBuildConfiguration;
			buildSettings = {
				ASSETCATALOG_COMPILER_APPICON_NAME = AppIcon;
				ASSETCATALOG_COMPILER_GLOBAL_ACCENT_COLOR_NAME = AccentColor;
				CODE_SIGN_STYLE = Automatic;
				CURRENT_PROJECT_VERSION = 1;
				DEVELOPMENT_TEAM = 5D27LBTNA4;
				GENERATE_INFOPLIST_FILE = YES;
				INFOPLIST_FILE = Countries/Info.plist;
				INFOPLIST_KEY_UIApplicationSupportsIndirectInputEvents = YES;
				INFOPLIST_KEY_UILaunchStoryboardName = LaunchScreen;
				INFOPLIST_KEY_UIMainStoryboardFile = Main;
				INFOPLIST_KEY_UISupportedInterfaceOrientations = UIInterfaceOrientationPortrait;
				INFOPLIST_KEY_UISupportedInterfaceOrientations_iPad = "UIInterfaceOrientationLandscapeLeft UIInterfaceOrientationLandscapeRight UIInterfaceOrientationPortrait UIInterfaceOrientationPortraitUpsideDown";
				IPHONEOS_DEPLOYMENT_TARGET = 13.0;
				LD_RUNPATH_SEARCH_PATHS = (
					"$(inherited)",
					"@executable_path/Frameworks",
				);
				MARKETING_VERSION = 1.0;
				PRODUCT_BUNDLE_IDENTIFIER = com.Halil.Countries;
				PRODUCT_NAME = "$(TARGET_NAME)";
				SWIFT_EMIT_LOC_STRINGS = YES;
				SWIFT_VERSION = 5.0;
				TARGETED_DEVICE_FAMILY = "1,2";
			};
			name = Release;
		};
		A994F78529A3B159000A2629 /* Debug */ = {
			isa = XCBuildConfiguration;
			buildSettings = {
				BUNDLE_LOADER = "$(TEST_HOST)";
				CODE_SIGN_STYLE = Automatic;
				CURRENT_PROJECT_VERSION = 1;
				DEVELOPMENT_TEAM = 5D27LBTNA4;
				GENERATE_INFOPLIST_FILE = YES;
				IPHONEOS_DEPLOYMENT_TARGET = 16.2;
				MARKETING_VERSION = 1.0;
				PRODUCT_BUNDLE_IDENTIFIER = "Halil-Dikisli.CountriesTests";
				PRODUCT_NAME = "$(TARGET_NAME)";
				SWIFT_EMIT_LOC_STRINGS = NO;
				SWIFT_VERSION = 5.0;
				TARGETED_DEVICE_FAMILY = "1,2";
				TEST_HOST = "$(BUILT_PRODUCTS_DIR)/Countries.app/$(BUNDLE_EXECUTABLE_FOLDER_PATH)/Countries";
			};
			name = Debug;
		};
		A994F78629A3B159000A2629 /* Release */ = {
			isa = XCBuildConfiguration;
			buildSettings = {
				BUNDLE_LOADER = "$(TEST_HOST)";
				CODE_SIGN_STYLE = Automatic;
				CURRENT_PROJECT_VERSION = 1;
				DEVELOPMENT_TEAM = 5D27LBTNA4;
				GENERATE_INFOPLIST_FILE = YES;
				IPHONEOS_DEPLOYMENT_TARGET = 16.2;
				MARKETING_VERSION = 1.0;
				PRODUCT_BUNDLE_IDENTIFIER = "Halil-Dikisli.CountriesTests";
				PRODUCT_NAME = "$(TARGET_NAME)";
				SWIFT_EMIT_LOC_STRINGS = NO;
				SWIFT_VERSION = 5.0;
				TARGETED_DEVICE_FAMILY = "1,2";
				TEST_HOST = "$(BUILT_PRODUCTS_DIR)/Countries.app/$(BUNDLE_EXECUTABLE_FOLDER_PATH)/Countries";
			};
			name = Release;
		};
/* End XCBuildConfiguration section */

/* Begin XCConfigurationList section */
		A91EA6C229A64B340090B0BB /* Build configuration list for PBXNativeTarget "CountriesUITests" */ = {
			isa = XCConfigurationList;
			buildConfigurations = (
				A91EA6C029A64B340090B0BB /* Debug */,
				A91EA6C129A64B340090B0BB /* Release */,
			);
			defaultConfigurationIsVisible = 0;
			defaultConfigurationName = Release;
		};
		A94FB3B628EC406B00FB436C /* Build configuration list for PBXProject "Countries" */ = {
			isa = XCConfigurationList;
			buildConfigurations = (
				A94FB3CD28EC406C00FB436C /* Debug */,
				A94FB3CE28EC406C00FB436C /* Release */,
			);
			defaultConfigurationIsVisible = 0;
			defaultConfigurationName = Release;
		};
		A94FB3CF28EC406C00FB436C /* Build configuration list for PBXNativeTarget "Countries" */ = {
			isa = XCConfigurationList;
			buildConfigurations = (
				A94FB3D028EC406C00FB436C /* Debug */,
				A94FB3D128EC406C00FB436C /* Release */,
			);
			defaultConfigurationIsVisible = 0;
			defaultConfigurationName = Release;
		};
		A994F78729A3B159000A2629 /* Build configuration list for PBXNativeTarget "CountriesTests" */ = {
			isa = XCConfigurationList;
			buildConfigurations = (
				A994F78529A3B159000A2629 /* Debug */,
				A994F78629A3B159000A2629 /* Release */,
			);
			defaultConfigurationIsVisible = 0;
			defaultConfigurationName = Release;
		};
/* End XCConfigurationList section */

/* Begin XCRemoteSwiftPackageReference section */
		A91EA6C329A657760090B0BB /* XCRemoteSwiftPackageReference "SDWebImageSVGCoder.git" */ = {
			isa = XCRemoteSwiftPackageReference;
			repositoryURL = "https://github.com/SDWebImage/SDWebImageSVGCoder.git";
			requirement = {
				kind = upToNextMajorVersion;
				minimumVersion = 1.0.0;
			};
		};
/* End XCRemoteSwiftPackageReference section */

/* Begin XCSwiftPackageProductDependency section */
		A91EA6C429A657760090B0BB /* SDWebImageSVGCoder */ = {
			isa = XCSwiftPackageProductDependency;
			package = A91EA6C329A657760090B0BB /* XCRemoteSwiftPackageReference "SDWebImageSVGCoder.git" */;
			productName = SDWebImageSVGCoder;
		};
/* End XCSwiftPackageProductDependency section */

/* Begin XCVersionGroup section */
		A9E5134529128E7C00C167F5 /* DataModel.xcdatamodeld */ = {
			isa = XCVersionGroup;
			children = (
				A9E5134629128E7C00C167F5 /* DataModel.xcdatamodel */,
			);
			currentVersion = A9E5134629128E7C00C167F5 /* DataModel.xcdatamodel */;
			path = DataModel.xcdatamodeld;
			sourceTree = "<group>";
			versionGroupType = wrapper.xcdatamodel;
		};
/* End XCVersionGroup section */
	};
	rootObject = A94FB3B328EC406B00FB436C /* Project object */;
}
