PODS:
  - SDWebImage/Core (5.13.4)
  - SDWebImageSVGCoder (1.6.1):
    - SDWebImage/Core (~> 5.6)

DEPENDENCIES:
  - SDWebImageSVGCoder

SPEC REPOS:
  trunk:
    - SDWebImage
    - SDWebImageSVGCoder

SPEC CHECKSUMS:
  SDWebImage: e5cc87bf736e60f49592f307bdf9e157189298a3
  SDWebImageSVGCoder: 6fc109f9c2a82ab44510fff410b88b1a6c271ee8

PODFILE CHECKSUM: 239f64ba28b916b79d3c938d8e22f2d2a34ae976

COCOAPODS: 1.11.3
